
Microsoft Visual Studio Solution File, Format Version 12.00
# Visual Studio Version 17
VisualStudioVersion = 17.4.33122.133
MinimumVisualStudioVersion = 10.0.40219.1
Project("{2150E333-8FDC-42A3-9474-1A3956D46DE8}") = "Services", "Services", "{CE080702-2556-4748-8579-4D3BA4167820}"
EndProject
Project("{2150E333-8FDC-42A3-9474-1A3956D46DE8}") = "Catalog", "Catalog", "{2B5DA572-B256-4EDC-8A95-B4ECC77526EE}"
EndProject
Project("{9A19103F-16F7-4668-BE54-9A1E7A4F7556}") = "Catalog.API", "Services\Catalog\Catalog.API\Catalog.API.csproj", "{01374686-BFB5-44E0-9140-AB92BB7249B4}"
EndProject
Project("{E53339B2-1760-4266-BCC7-CA923CBCF16C}") = "docker-compose", "docker-compose.dcproj", "{CB30F513-AEE4-4ECF-B27C-884D2591784F}"
EndProject
Project("{2150E333-8FDC-42A3-9474-1A3956D46DE8}") = "Basket", "Basket", "{DA975492-7FFF-4E03-8167-6E108DE5885D}"
EndProject
Project("{9A19103F-16F7-4668-BE54-9A1E7A4F7556}") = "Basket.API", "Services\Basket\Basket.API\Basket.API.csproj", "{A1ADF1BB-194B-4478-803C-CF86A108DE5D}"
EndProject
Project("{2150E333-8FDC-42A3-9474-1A3956D46DE8}") = "Discount", "Discount", "{72FFB440-8456-4831-A440-FE888DC11556}"
EndProject
Project("{9A19103F-16F7-4668-BE54-9A1E7A4F7556}") = "Discount.API", "Services\Discount\Discount.API\Discount.API.csproj", "{DCA848D9-03D6-4804-B832-C6A96F3ABA52}"
EndProject
Project("{9A19103F-16F7-4668-BE54-9A1E7A4F7556}") = "Discount.Grpc", "Services\Discount\Discount.Grpc\Discount.Grpc.csproj", "{36AD0CD0-E6D4-4B89-92A0-A643727970A9}"
EndProject
Project("{2150E333-8FDC-42A3-9474-1A3956D46DE8}") = "Ordering", "Ordering", "{9B94DE1A-7878-4A69-A539-059851E0D450}"
EndProject
Project("{9A19103F-16F7-4668-BE54-9A1E7A4F7556}") = "Ordering.API", "Services\Ordering\Ordering.API\Ordering.API.csproj", "{B42F1DD6-6D47-4410-B485-529DF00BBE86}"
EndProject
Project("{9A19103F-16F7-4668-BE54-9A1E7A4F7556}") = "Ordering.Domain", "Services\Ordering\Ordering.Domain\Ordering.Domain.csproj", "{4FB74CC8-DA7C-4D52-BB58-88CB513ED96E}"
EndProject
Project("{9A19103F-16F7-4668-BE54-9A1E7A4F7556}") = "Ordering.Application", "Services\Ordering\Ordering.Application\Ordering.Application.csproj", "{C49F3B05-DBA1-492B-8C21-D0F5E2AA5890}"
EndProject
Project("{9A19103F-16F7-4668-BE54-9A1E7A4F7556}") = "Ordering.Infrastructure", "Services\Ordering\Ordering.Infrastructure\Ordering.Infrastructure.csproj", "{2651F802-B805-4948-9607-1ED66735605B}"
EndProject
Project("{2150E333-8FDC-42A3-9474-1A3956D46DE8}") = "BuildingBlocks", "BuildingBlocks", "{036831BF-9760-4FBD-BFC8-39F3356707CF}"
EndProject
Project("{FAE04EC0-301F-11D3-BF4B-00C04F79EFBC}") = "EventBus.Messages", "BuildingBlocks\EventBus.Messages\EventBus.Messages.csproj", "{8648903F-91B8-4D1B-B683-48BA4492521E}"
EndProject
Global
	GlobalSection(SolutionConfigurationPlatforms) = preSolution
		Debug|Any CPU = Debug|Any CPU
		Release|Any CPU = Release|Any CPU
	EndGlobalSection
	GlobalSection(ProjectConfigurationPlatforms) = postSolution
		{01374686-BFB5-44E0-9140-AB92BB7249B4}.Debug|Any CPU.ActiveCfg = Debug|Any CPU
		{01374686-BFB5-44E0-9140-AB92BB7249B4}.Debug|Any CPU.Build.0 = Debug|Any CPU
		{01374686-BFB5-44E0-9140-AB92BB7249B4}.Release|Any CPU.ActiveCfg = Release|Any CPU
		{01374686-BFB5-44E0-9140-AB92BB7249B4}.Release|Any CPU.Build.0 = Release|Any CPU
		{CB30F513-AEE4-4ECF-B27C-884D2591784F}.Debug|Any CPU.ActiveCfg = Debug|Any CPU
		{CB30F513-AEE4-4ECF-B27C-884D2591784F}.Debug|Any CPU.Build.0 = Debug|Any CPU
		{CB30F513-AEE4-4ECF-B27C-884D2591784F}.Release|Any CPU.ActiveCfg = Release|Any CPU
		{CB30F513-AEE4-4ECF-B27C-884D2591784F}.Release|Any CPU.Build.0 = Release|Any CPU
		{A1ADF1BB-194B-4478-803C-CF86A108DE5D}.Debug|Any CPU.ActiveCfg = Debug|Any CPU
		{A1ADF1BB-194B-4478-803C-CF86A108DE5D}.Debug|Any CPU.Build.0 = Debug|Any CPU
		{A1ADF1BB-194B-4478-803C-CF86A108DE5D}.Release|Any CPU.ActiveCfg = Release|Any CPU
		{A1ADF1BB-194B-4478-803C-CF86A108DE5D}.Release|Any CPU.Build.0 = Release|Any CPU
		{DCA848D9-03D6-4804-B832-C6A96F3ABA52}.Debug|Any CPU.ActiveCfg = Debug|Any CPU
		{DCA848D9-03D6-4804-B832-C6A96F3ABA52}.Debug|Any CPU.Build.0 = Debug|Any CPU
		{DCA848D9-03D6-4804-B832-C6A96F3ABA52}.Release|Any CPU.ActiveCfg = Release|Any CPU
		{DCA848D9-03D6-4804-B832-C6A96F3ABA52}.Release|Any CPU.Build.0 = Release|Any CPU
		{36AD0CD0-E6D4-4B89-92A0-A643727970A9}.Debug|Any CPU.ActiveCfg = Debug|Any CPU
		{36AD0CD0-E6D4-4B89-92A0-A643727970A9}.Debug|Any CPU.Build.0 = Debug|Any CPU
		{36AD0CD0-E6D4-4B89-92A0-A643727970A9}.Release|Any CPU.ActiveCfg = Release|Any CPU
		{36AD0CD0-E6D4-4B89-92A0-A643727970A9}.Release|Any CPU.Build.0 = Release|Any CPU
		{B42F1DD6-6D47-4410-B485-529DF00BBE86}.Debug|Any CPU.ActiveCfg = Debug|Any CPU
		{B42F1DD6-6D47-4410-B485-529DF00BBE86}.Debug|Any CPU.Build.0 = Debug|Any CPU
		{B42F1DD6-6D47-4410-B485-529DF00BBE86}.Release|Any CPU.ActiveCfg = Release|Any CPU
		{B42F1DD6-6D47-4410-B485-529DF00BBE86}.Release|Any CPU.Build.0 = Release|Any CPU
		{4FB74CC8-DA7C-4D52-BB58-88CB513ED96E}.Debug|Any CPU.ActiveCfg = Debug|Any CPU
		{4FB74CC8-DA7C-4D52-BB58-88CB513ED96E}.Debug|Any CPU.Build.0 = Debug|Any CPU
		{4FB74CC8-DA7C-4D52-BB58-88CB513ED96E}.Release|Any CPU.ActiveCfg = Release|Any CPU
		{4FB74CC8-DA7C-4D52-BB58-88CB513ED96E}.Release|Any CPU.Build.0 = Release|Any CPU
		{C49F3B05-DBA1-492B-8C21-D0F5E2AA5890}.Debug|Any CPU.ActiveCfg = Debug|Any CPU
		{C49F3B05-DBA1-492B-8C21-D0F5E2AA5890}.Debug|Any CPU.Build.0 = Debug|Any CPU
		{C49F3B05-DBA1-492B-8C21-D0F5E2AA5890}.Release|Any CPU.ActiveCfg = Release|Any CPU
		{C49F3B05-DBA1-492B-8C21-D0F5E2AA5890}.Release|Any CPU.Build.0 = Release|Any CPU
		{2651F802-B805-4948-9607-1ED66735605B}.Debug|Any CPU.ActiveCfg = Debug|Any CPU
		{2651F802-B805-4948-9607-1ED66735605B}.Debug|Any CPU.Build.0 = Debug|Any CPU
		{2651F802-B805-4948-9607-1ED66735605B}.Release|Any CPU.ActiveCfg = Release|Any CPU
		{2651F802-B805-4948-9607-1ED66735605B}.Release|Any CPU.Build.0 = Release|Any CPU
		{8648903F-91B8-4D1B-B683-48BA4492521E}.Debug|Any CPU.ActiveCfg = Debug|Any CPU
		{8648903F-91B8-4D1B-B683-48BA4492521E}.Debug|Any CPU.Build.0 = Debug|Any CPU
		{8648903F-91B8-4D1B-B683-48BA4492521E}.Release|Any CPU.ActiveCfg = Release|Any CPU
		{8648903F-91B8-4D1B-B683-48BA4492521E}.Release|Any CPU.Build.0 = Release|Any CPU
	EndGlobalSection
	GlobalSection(SolutionProperties) = preSolution
		HideSolutionNode = FALSE
	EndGlobalSection
	GlobalSection(NestedProjects) = preSolution
		{2B5DA572-B256-4EDC-8A95-B4ECC77526EE} = {CE080702-2556-4748-8579-4D3BA4167820}
		{01374686-BFB5-44E0-9140-AB92BB7249B4} = {2B5DA572-B256-4EDC-8A95-B4ECC77526EE}
		{DA975492-7FFF-4E03-8167-6E108DE5885D} = {CE080702-2556-4748-8579-4D3BA4167820}
		{A1ADF1BB-194B-4478-803C-CF86A108DE5D} = {DA975492-7FFF-4E03-8167-6E108DE5885D}
		{72FFB440-8456-4831-A440-FE888DC11556} = {CE080702-2556-4748-8579-4D3BA4167820}
		{DCA848D9-03D6-4804-B832-C6A96F3ABA52} = {72FFB440-8456-4831-A440-FE888DC11556}
		{36AD0CD0-E6D4-4B89-92A0-A643727970A9} = {72FFB440-8456-4831-A440-FE888DC11556}
		{9B94DE1A-7878-4A69-A539-059851E0D450} = {CE080702-2556-4748-8579-4D3BA4167820}
		{B42F1DD6-6D47-4410-B485-529DF00BBE86} = {9B94DE1A-7878-4A69-A539-059851E0D450}
		{4FB74CC8-DA7C-4D52-BB58-88CB513ED96E} = {9B94DE1A-7878-4A69-A539-059851E0D450}
		{C49F3B05-DBA1-492B-8C21-D0F5E2AA5890} = {9B94DE1A-7878-4A69-A539-059851E0D450}
		{2651F802-B805-4948-9607-1ED66735605B} = {9B94DE1A-7878-4A69-A539-059851E0D450}
		{8648903F-91B8-4D1B-B683-48BA4492521E} = {036831BF-9760-4FBD-BFC8-39F3356707CF}
	EndGlobalSection
	GlobalSection(ExtensibilityGlobals) = postSolution
		SolutionGuid = {C40E7640-2A67-4AC2-BF2E-29A35147B5DF}
	EndGlobalSection
EndGlobal
